
Microsoft Visual Studio Solution File, Format Version 12.00
# Visual Studio Version 17
VisualStudioVersion = 17.0.32112.339
MinimumVisualStudioVersion = 10.0.40219.1
Project("{FAE04EC0-301F-11D3-BF4B-00C04F79EFBC}") = "RaspberryPi4Net6ArduinoStepper", "RaspberryPi4Net6ArduinoStepper.csproj", "{B84C1163-DBFA-466D-9A9F-A19359AF7032}"
EndProject
Project("{2150E333-8FDC-42A3-9474-1A3956D46DE8}") = "Solution Items", "Solution Items", "{8B0E72B9-B8AA-444A-B8E7-305E02DE0DD3}"
	ProjectSection(SolutionItems) = preProject
		ArduinoSource.txt = ArduinoSource.txt
	EndProjectSection
EndProject
Global
	GlobalSection(SolutionConfigurationPlatforms) = preSolution
		Debug|Any CPU = Debug|Any CPU
		Release|Any CPU = Release|Any CPU
	EndGlobalSection
	GlobalSection(ProjectConfigurationPlatforms) = postSolution
		{B84C1163-DBFA-466D-9A9F-A19359AF7032}.Debug|Any CPU.ActiveCfg = Debug|Any CPU
		{B84C1163-DBFA-466D-9A9F-A19359AF7032}.Debug|Any CPU.Build.0 = Debug|Any CPU
		{B84C1163-DBFA-466D-9A9F-A19359AF7032}.Release|Any CPU.ActiveCfg = Release|Any CPU
		{B84C1163-DBFA-466D-9A9F-A19359AF7032}.Release|Any CPU.Build.0 = Release|Any CPU
	EndGlobalSection
	GlobalSection(SolutionProperties) = preSolution
		HideSolutionNode = FALSE
	EndGlobalSection
	GlobalSection(ExtensibilityGlobals) = postSolution
		SolutionGuid = {78F3C04B-3E1D-4F39-A987-EA0352FA61A8}
	EndGlobalSection
EndGlobal
